// !$*UTF8*$!
{
	archiveVersion = 1;
	classes = {
	};
	objectVersion = 56;
	objects = {

/* Begin PBXBuildFile section */
		5D8BD050299E61D3002C7CD8 /* AppDelegate.swift in Sources */ = {isa = PBXBuildFile; fileRef = 5D8BD04F299E61D3002C7CD8 /* AppDelegate.swift */; };
		5D8BD052299E61D3002C7CD8 /* SceneDelegate.swift in Sources */ = {isa = PBXBuildFile; fileRef = 5D8BD051299E61D3002C7CD8 /* SceneDelegate.swift */; };
		5D8BD054299E61D3002C7CD8 /* ViewController.swift in Sources */ = {isa = PBXBuildFile; fileRef = 5D8BD053299E61D3002C7CD8 /* ViewController.swift */; };
		5D8BD057299E61D3002C7CD8 /* Main.storyboard in Resources */ = {isa = PBXBuildFile; fileRef = 5D8BD055299E61D3002C7CD8 /* Main.storyboard */; };
		5D8BD059299E61D4002C7CD8 /* Assets.xcassets in Resources */ = {isa = PBXBuildFile; fileRef = 5D8BD058299E61D4002C7CD8 /* Assets.xcassets */; };
		5D8BD05C299E61D4002C7CD8 /* LaunchScreen.storyboard in Resources */ = {isa = PBXBuildFile; fileRef = 5D8BD05A299E61D4002C7CD8 /* LaunchScreen.storyboard */; };
		5D8BD067299E61D4002C7CD8 /* CounterTests.swift in Sources */ = {isa = PBXBuildFile; fileRef = 5D8BD066299E61D4002C7CD8 /* CounterTests.swift */; };
		5D8BD071299E61D4002C7CD8 /* CounterUITests.swift in Sources */ = {isa = PBXBuildFile; fileRef = 5D8BD070299E61D4002C7CD8 /* CounterUITests.swift */; };
		5D8BD073299E61D4002C7CD8 /* CounterUITestsLaunchTests.swift in Sources */ = {isa = PBXBuildFile; fileRef = 5D8BD072299E61D4002C7CD8 /* CounterUITestsLaunchTests.swift */; };
/* End PBXBuildFile section */

/* Begin PBXContainerItemProxy section */
		5D8BD063299E61D4002C7CD8 /* PBXContainerItemProxy */ = {
			isa = PBXContainerItemProxy;
			containerPortal = 5D8BD044299E61D3002C7CD8 /* Project object */;
			proxyType = 1;
			remoteGlobalIDString = 5D8BD04B299E61D3002C7CD8;
			remoteInfo = Counter;
		};
		5D8BD06D299E61D4002C7CD8 /* PBXContainerItemProxy */ = {
			isa = PBXContainerItemProxy;
			containerPortal = 5D8BD044299E61D3002C7CD8 /* Project object */;
			proxyType = 1;
			remoteGlobalIDString = 5D8BD04B299E61D3002C7CD8;
			remoteInfo = Counter;
		};
/* End PBXContainerItemProxy section */

/* Begin PBXFileReference section */
		5D8BD04C299E61D3002C7CD8 /* Counter.app */ = {isa = PBXFileReference; explicitFileType = wrapper.application; includeInIndex = 0; path = Counter.app; sourceTree = BUILT_PRODUCTS_DIR; };
		5D8BD04F299E61D3002C7CD8 /* AppDelegate.swift */ = {isa = PBXFileReference; lastKnownFileType = sourcecode.swift; path = AppDelegate.swift; sourceTree = "<group>"; };
		5D8BD051299E61D3002C7CD8 /* SceneDelegate.swift */ = {isa = PBXFileReference; lastKnownFileType = sourcecode.swift; path = SceneDelegate.swift; sourceTree = "<group>"; };
		5D8BD053299E61D3002C7CD8 /* ViewController.swift */ = {isa = PBXFileReference; lastKnownFileType = sourcecode.swift; path = ViewController.swift; sourceTree = "<group>"; };
		5D8BD056299E61D3002C7CD8 /* Base */ = {isa = PBXFileReference; lastKnownFileType = file.storyboard; name = Base; path = Base.lproj/Main.storyboard; sourceTree = "<group>"; };
		5D8BD058299E61D4002C7CD8 /* Assets.xcassets */ = {isa = PBXFileReference; lastKnownFileType = folder.assetcatalog; path = Assets.xcassets; sourceTree = "<group>"; };
		5D8BD05B299E61D4002C7CD8 /* Base */ = {isa = PBXFileReference; lastKnownFileType = file.storyboard; name = Base; path = Base.lproj/LaunchScreen.storyboard; sourceTree = "<group>"; };
		5D8BD05D299E61D4002C7CD8 /* Info.plist */ = {isa = PBXFileReference; lastKnownFileType = text.plist.xml; path = Info.plist; sourceTree = "<group>"; };
		5D8BD062299E61D4002C7CD8 /* CounterTests.xctest */ = {isa = PBXFileReference; explicitFileType = wrapper.cfbundle; includeInIndex = 0; path = CounterTests.xctest; sourceTree = BUILT_PRODUCTS_DIR; };
		5D8BD066299E61D4002C7CD8 /* CounterTests.swift */ = {isa = PBXFileReference; lastKnownFileType = sourcecode.swift; path = CounterTests.swift; sourceTree = "<group>"; };
		5D8BD06C299E61D4002C7CD8 /* CounterUITests.xctest */ = {isa = PBXFileReference; explicitFileType = wrapper.cfbundle; includeInIndex = 0; path = CounterUITests.xctest; sourceTree = BUILT_PRODUCTS_DIR; };
		5D8BD070299E61D4002C7CD8 /* CounterUITests.swift */ = {isa = PBXFileReference; lastKnownFileType = sourcecode.swift; path = CounterUITests.swift; sourceTree = "<group>"; };
		5D8BD072299E61D4002C7CD8 /* CounterUITestsLaunchTests.swift */ = {isa = PBXFileReference; lastKnownFileType = sourcecode.swift; path = CounterUITestsLaunchTests.swift; sourceTree = "<group>"; };
/* End PBXFileReference section */

/* Begin PBXFrameworksBuildPhase section */
		5D8BD049299E61D3002C7CD8 /* Frameworks */ = {
			isa = PBXFrameworksBuildPhase;
			buildActionMask = 2147483647;
			files = (
			);
			runOnlyForDeploymentPostprocessing = 0;
		};
		5D8BD05F299E61D4002C7CD8 /* Frameworks */ = {
			isa = PBXFrameworksBuildPhase;
			buildActionMask = 2147483647;
			files = (
			);
			runOnlyForDeploymentPostprocessing = 0;
		};
		5D8BD069299E61D4002C7CD8 /* Frameworks */ = {
			isa = PBXFrameworksBuildPhase;
			buildActionMask = 2147483647;
			files = (
			);
			runOnlyForDeploymentPostprocessing = 0;
		};
/* End PBXFrameworksBuildPhase section */

/* Begin PBXGroup section */
		5D8BD043299E61D3002C7CD8 = {
			isa = PBXGroup;
			children = (
				5D8BD04E299E61D3002C7CD8 /* Counter */,
				5D8BD065299E61D4002C7CD8 /* CounterTests */,
				5D8BD06F299E61D4002C7CD8 /* CounterUITests */,
				5D8BD04D299E61D3002C7CD8 /* Products */,
			);
			sourceTree = "<group>";
		};
		5D8BD04D299E61D3002C7CD8 /* Products */ = {
			isa = PBXGroup;
			children = (
				5D8BD04C299E61D3002C7CD8 /* Counter.app */,
				5D8BD062299E61D4002C7CD8 /* CounterTests.xctest */,
				5D8BD06C299E61D4002C7CD8 /* CounterUITests.xctest */,
			);
			name = Products;
			sourceTree = "<group>";
		};
		5D8BD04E299E61D3002C7CD8 /* Counter */ = {
			isa = PBXGroup;
			children = (
				5D8BD04F299E61D3002C7CD8 /* AppDelegate.swift */,
				5D8BD051299E61D3002C7CD8 /* SceneDelegate.swift */,
				5D8BD053299E61D3002C7CD8 /* ViewController.swift */,
				5D8BD055299E61D3002C7CD8 /* Main.storyboard */,
				5D8BD058299E61D4002C7CD8 /* Assets.xcassets */,
				5D8BD05A299E61D4002C7CD8 /* LaunchScreen.storyboard */,
				5D8BD05D299E61D4002C7CD8 /* Info.plist */,
			);
			path = Counter;
			sourceTree = "<group>";
		};
		5D8BD065299E61D4002C7CD8 /* CounterTests */ = {
			isa = PBXGroup;
			children = (
				5D8BD066299E61D4002C7CD8 /* CounterTests.swift */,
			);
			path = CounterTests;
			sourceTree = "<group>";
		};
		5D8BD06F299E61D4002C7CD8 /* CounterUITests */ = {
			isa = PBXGroup;
			children = (
				5D8BD070299E61D4002C7CD8 /* CounterUITests.swift */,
				5D8BD072299E61D4002C7CD8 /* CounterUITestsLaunchTests.swift */,
			);
			path = CounterUITests;
			sourceTree = "<group>";
		};
/* End PBXGroup section */

/* Begin PBXNativeTarget section */
		5D8BD04B299E61D3002C7CD8 /* Counter */ = {
			isa = PBXNativeTarget;
			buildConfigurationList = 5D8BD076299E61D4002C7CD8 /* Build configuration list for PBXNativeTarget "Counter" */;
			buildPhases = (
				5D8BD048299E61D3002C7CD8 /* Sources */,
				5D8BD049299E61D3002C7CD8 /* Frameworks */,
				5D8BD04A299E61D3002C7CD8 /* Resources */,
			);
			buildRules = (
			);
			dependencies = (
			);
			name = Counter;
			productName = Counter;
			productReference = 5D8BD04C299E61D3002C7CD8 /* Counter.app */;
			productType = "com.apple.product-type.application";
		};
		5D8BD061299E61D4002C7CD8 /* CounterTests */ = {
			isa = PBXNativeTarget;
			buildConfigurationList = 5D8BD079299E61D4002C7CD8 /* Build configuration list for PBXNativeTarget "CounterTests" */;
			buildPhases = (
				5D8BD05E299E61D4002C7CD8 /* Sources */,
				5D8BD05F299E61D4002C7CD8 /* Frameworks */,
				5D8BD060299E61D4002C7CD8 /* Resources */,
			);
			buildRules = (
			);
			dependencies = (
				5D8BD064299E61D4002C7CD8 /* PBXTargetDependency */,
			);
			name = CounterTests;
			productName = CounterTests;
			productReference = 5D8BD062299E61D4002C7CD8 /* CounterTests.xctest */;
			productType = "com.apple.product-type.bundle.unit-test";
		};
		5D8BD06B299E61D4002C7CD8 /* CounterUITests */ = {
			isa = PBXNativeTarget;
			buildConfigurationList = 5D8BD07C299E61D4002C7CD8 /* Build configuration list for PBXNativeTarget "CounterUITests" */;
			buildPhases = (
				5D8BD068299E61D4002C7CD8 /* Sources */,
				5D8BD069299E61D4002C7CD8 /* Frameworks */,
				5D8BD06A299E61D4002C7CD8 /* Resources */,
			);
			buildRules = (
			);
			dependencies = (
				5D8BD06E299E61D4002C7CD8 /* PBXTargetDependency */,
			);
			name = CounterUITests;
			productName = CounterUITests;
			productReference = 5D8BD06C299E61D4002C7CD8 /* CounterUITests.xctest */;
			productType = "com.apple.product-type.bundle.ui-testing";
		};
/* End PBXNativeTarget section */

/* Begin PBXProject section */
		5D8BD044299E61D3002C7CD8 /* Project object */ = {
			isa = PBXProject;
			attributes = {
				BuildIndependentTargetsInParallel = 1;
				LastSwiftUpdateCheck = 1420;
				LastUpgradeCheck = 1420;
				TargetAttributes = {
					5D8BD04B299E61D3002C7CD8 = {
						CreatedOnToolsVersion = 14.2;
					};
					5D8BD061299E61D4002C7CD8 = {
						CreatedOnToolsVersion = 14.2;
						TestTargetID = 5D8BD04B299E61D3002C7CD8;
					};
					5D8BD06B299E61D4002C7CD8 = {
						CreatedOnToolsVersion = 14.2;
						TestTargetID = 5D8BD04B299E61D3002C7CD8;
					};
				};
			};
			buildConfigurationList = 5D8BD047299E61D3002C7CD8 /* Build configuration list for PBXProject "Counter" */;
			compatibilityVersion = "Xcode 14.0";
			developmentRegion = en;
			hasScannedForEncodings = 0;
			knownRegions = (
				en,
				Base,
			);
			mainGroup = 5D8BD043299E61D3002C7CD8;
			productRefGroup = 5D8BD04D299E61D3002C7CD8 /* Products */;
			projectDirPath = "";
			projectRoot = "";
			targets = (
				5D8BD04B299E61D3002C7CD8 /* Counter */,
				5D8BD061299E61D4002C7CD8 /* CounterTests */,
				5D8BD06B299E61D4002C7CD8 /* CounterUITests */,
			);
		};
/* End PBXProject section */

/* Begin PBXResourcesBuildPhase section */
		5D8BD04A299E61D3002C7CD8 /* Resources */ = {
			isa = PBXResourcesBuildPhase;
			buildActionMask = 2147483647;
			files = (
				5D8BD05C299E61D4002C7CD8 /* LaunchScreen.storyboard in Resources */,
				5D8BD059299E61D4002C7CD8 /* Assets.xcassets in Resources */,
				5D8BD057299E61D3002C7CD8 /* Main.storyboard in Resources */,
			);
			runOnlyForDeploymentPostprocessing = 0;
		};
		5D8BD060299E61D4002C7CD8 /* Resources */ = {
			isa = PBXResourcesBuildPhase;
			buildActionMask = 2147483647;
			files = (
			);
			runOnlyForDeploymentPostprocessing = 0;
		};
		5D8BD06A299E61D4002C7CD8 /* Resources */ = {
			isa = PBXResourcesBuildPhase;
			buildActionMask = 2147483647;
			files = (
			);
			runOnlyForDeploymentPostprocessing = 0;
		};
/* End PBXResourcesBuildPhase section */

/* Begin PBXSourcesBuildPhase section */
		5D8BD048299E61D3002C7CD8 /* Sources */ = {
			isa = PBXSourcesBuildPhase;
			buildActionMask = 2147483647;
			files = (
				5D8BD054299E61D3002C7CD8 /* ViewController.swift in Sources */,
				5D8BD050299E61D3002C7CD8 /* AppDelegate.swift in Sources */,
				5D8BD052299E61D3002C7CD8 /* SceneDelegate.swift in Sources */,
			);
			runOnlyForDeploymentPostprocessing = 0;
		};
		5D8BD05E299E61D4002C7CD8 /* Sources */ = {
			isa = PBXSourcesBuildPhase;
			buildActionMask = 2147483647;
			files = (
				5D8BD067299E61D4002C7CD8 /* CounterTests.swift in Sources */,
			);
			runOnlyForDeploymentPostprocessing = 0;
		};
		5D8BD068299E61D4002C7CD8 /* Sources */ = {
			isa = PBXSourcesBuildPhase;
			buildActionMask = 2147483647;
			files = (
				5D8BD071299E61D4002C7CD8 /* CounterUITests.swift in Sources */,
				5D8BD073299E61D4002C7CD8 /* CounterUITestsLaunchTests.swift in Sources */,
			);
			runOnlyForDeploymentPostprocessing = 0;
		};
/* End PBXSourcesBuildPhase section */

/* Begin PBXTargetDependency section */
		5D8BD064299E61D4002C7CD8 /* PBXTargetDependency */ = {
			isa = PBXTargetDependency;
			target = 5D8BD04B299E61D3002C7CD8 /* Counter */;
			targetProxy = 5D8BD063299E61D4002C7CD8 /* PBXContainerItemProxy */;
		};
		5D8BD06E299E61D4002C7CD8 /* PBXTargetDependency */ = {
			isa = PBXTargetDependency;
			target = 5D8BD04B299E61D3002C7CD8 /* Counter */;
			targetProxy = 5D8BD06D299E61D4002C7CD8 /* PBXContainerItemProxy */;
		};
/* End PBXTargetDependency section */

/* Begin PBXVariantGroup section */
		5D8BD055299E61D3002C7CD8 /* Main.storyboard */ = {
			isa = PBXVariantGroup;
			children = (
				5D8BD056299E61D3002C7CD8 /* Base */,
			);
			name = Main.storyboard;
			sourceTree = "<group>";
		};
		5D8BD05A299E61D4002C7CD8 /* LaunchScreen.storyboard */ = {
			isa = PBXVariantGroup;
			children = (
				5D8BD05B299E61D4002C7CD8 /* Base */,
			);
			name = LaunchScreen.storyboard;
			sourceTree = "<group>";
		};
/* End PBXVariantGroup section */

/* Begin XCBuildConfiguration section */
		5D8BD074299E61D4002C7CD8 /* Debug */ = {
			isa = XCBuildConfiguration;
			buildSettings = {
				ALWAYS_SEARCH_USER_PATHS = NO;
				CLANG_ANALYZER_NONNULL = YES;
				CLANG_ANALYZER_NUMBER_OBJECT_CONVERSION = YES_AGGRESSIVE;
				CLANG_CXX_LANGUAGE_STANDARD = "gnu++20";
				CLANG_ENABLE_MODULES = YES;
				CLANG_ENABLE_OBJC_ARC = YES;
				CLANG_ENABLE_OBJC_WEAK = YES;
				CLANG_WARN_BLOCK_CAPTURE_AUTORELEASING = YES;
				CLANG_WARN_BOOL_CONVERSION = YES;
				CLANG_WARN_COMMA = YES;
				CLANG_WARN_CONSTANT_CONVERSION = YES;
				CLANG_WARN_DEPRECATED_OBJC_IMPLEMENTATIONS = YES;
				CLANG_WARN_DIRECT_OBJC_ISA_USAGE = YES_ERROR;
				CLANG_WARN_DOCUMENTATION_COMMENTS = YES;
				CLANG_WARN_EMPTY_BODY = YES;
				CLANG_WARN_ENUM_CONVERSION = YES;
				CLANG_WARN_INFINITE_RECURSION = YES;
				CLANG_WARN_INT_CONVERSION = YES;
				CLANG_WARN_NON_LITERAL_NULL_CONVERSION = YES;
				CLANG_WARN_OBJC_IMPLICIT_RETAIN_SELF = YES;
				CLANG_WARN_OBJC_LITERAL_CONVERSION = YES;
				CLANG_WARN_OBJC_ROOT_CLASS = YES_ERROR;
				CLANG_WARN_QUOTED_INCLUDE_IN_FRAMEWORK_HEADER = YES;
				CLANG_WARN_RANGE_LOOP_ANALYSIS = YES;
				CLANG_WARN_STRICT_PROTOTYPES = YES;
				CLANG_WARN_SUSPICIOUS_MOVE = YES;
				CLANG_WARN_UNGUARDED_AVAILABILITY = YES_AGGRESSIVE;
				CLANG_WARN_UNREACHABLE_CODE = YES;
				CLANG_WARN__DUPLICATE_METHOD_MATCH = YES;
				COPY_PHASE_STRIP = NO;
				DEBUG_INFORMATION_FORMAT = dwarf;
				ENABLE_STRICT_OBJC_MSGSEND = YES;
				ENABLE_TESTABILITY = YES;
				GCC_C_LANGUAGE_STANDARD = gnu11;
				GCC_DYNAMIC_NO_PIC = NO;
				GCC_NO_COMMON_BLOCKS = YES;
				GCC_OPTIMIZATION_LEVEL = 0;
				GCC_PREPROCESSOR_DEFINITIONS = (
					"DEBUG=1",
					"$(inherited)",
				);
				GCC_WARN_64_TO_32_BIT_CONVERSION = YES;
				GCC_WARN_ABOUT_RETURN_TYPE = YES_ERROR;
				GCC_WARN_UNDECLARED_SELECTOR = YES;
				GCC_WARN_UNINITIALIZED_AUTOS = YES_AGGRESSIVE;
				GCC_WARN_UNUSED_FUNCTION = YES;
				GCC_WARN_UNUSED_VARIABLE = YES;
				IPHONEOS_DEPLOYMENT_TARGET = 16.2;
				MTL_ENABLE_DEBUG_INFO = INCLUDE_SOURCE;
				MTL_FAST_MATH = YES;
				ONLY_ACTIVE_ARCH = YES;
				SDKROOT = iphoneos;
				SWIFT_ACTIVE_COMPILATION_CONDITIONS = DEBUG;
				SWIFT_OPTIMIZATION_LEVEL = "-Onone";
			};
			name = Debug;
		};
		5D8BD075299E61D4002C7CD8 /* Release */ = {
			isa = XCBuildConfiguration;
			buildSettings = {
				ALWAYS_SEARCH_USER_PATHS = NO;
				CLANG_ANALYZER_NONNULL = YES;
				CLANG_ANALYZER_NUMBER_OBJECT_CONVERSION = YES_AGGRESSIVE;
				CLANG_CXX_LANGUAGE_STANDARD = "gnu++20";
				CLANG_ENABLE_MODULES = YES;
				CLANG_ENABLE_OBJC_ARC = YES;
				CLANG_ENABLE_OBJC_WEAK = YES;
				CLANG_WARN_BLOCK_CAPTURE_AUTORELEASING = YES;
				CLANG_WARN_BOOL_CONVERSION = YES;
				CLANG_WARN_COMMA = YES;
				CLANG_WARN_CONSTANT_CONVERSION = YES;
				CLANG_WARN_DEPRECATED_OBJC_IMPLEMENTATIONS = YES;
				CLANG_WARN_DIRECT_OBJC_ISA_USAGE = YES_ERROR;
				CLANG_WARN_DOCUMENTATION_COMMENTS = YES;
				CLANG_WARN_EMPTY_BODY = YES;
				CLANG_WARN_ENUM_CONVERSION = YES;
				CLANG_WARN_INFINITE_RECURSION = YES;
				CLANG_WARN_INT_CONVERSION = YES;
				CLANG_WARN_NON_LITERAL_NULL_CONVERSION = YES;
				CLANG_WARN_OBJC_IMPLICIT_RETAIN_SELF = YES;
				CLANG_WARN_OBJC_LITERAL_CONVERSION = YES;
				CLANG_WARN_OBJC_ROOT_CLASS = YES_ERROR;
				CLANG_WARN_QUOTED_INCLUDE_IN_FRAMEWORK_HEADER = YES;
				CLANG_WARN_RANGE_LOOP_ANALYSIS = YES;
				CLANG_WARN_STRICT_PROTOTYPES = YES;
				CLANG_WARN_SUSPICIOUS_MOVE = YES;
				CLANG_WARN_UNGUARDED_AVAILABILITY = YES_AGGRESSIVE;
				CLANG_WARN_UNREACHABLE_CODE = YES;
				CLANG_WARN__DUPLICATE_METHOD_MATCH = YES;
				COPY_PHASE_STRIP = NO;
				DEBUG_INFORMATION_FORMAT = "dwarf-with-dsym";
				ENABLE_NS_ASSERTIONS = NO;
				ENABLE_STRICT_OBJC_MSGSEND = YES;
				GCC_C_LANGUAGE_STANDARD = gnu11;
				GCC_NO_COMMON_BLOCKS = YES;
				GCC_WARN_64_TO_32_BIT_CONVERSION = YES;
				GCC_WARN_ABOUT_RETURN_TYPE = YES_ERROR;
				GCC_WARN_UNDECLARED_SELECTOR = YES;
				GCC_WARN_UNINITIALIZED_AUTOS = YES_AGGRESSIVE;
				GCC_WARN_UNUSED_FUNCTION = YES;
				GCC_WARN_UNUSED_VARIABLE = YES;
				IPHONEOS_DEPLOYMENT_TARGET = 16.2;
				MTL_ENABLE_DEBUG_INFO = NO;
				MTL_FAST_MATH = YES;
				SDKROOT = iphoneos;
				SWIFT_COMPILATION_MODE = wholemodule;
				SWIFT_OPTIMIZATION_LEVEL = "-O";
				VALIDATE_PRODUCT = YES;
			};
			name = Release;
		};
		5D8BD077299E61D4002C7CD8 /* Debug */ = {
			isa = XCBuildConfiguration;
			buildSettings = {
				ASSETCATALOG_COMPILER_APPICON_NAME = AppIcon;
				ASSETCATALOG_COMPILER_GLOBAL_ACCENT_COLOR_NAME = AccentColor;
				CODE_SIGN_STYLE = Automatic;
				CURRENT_PROJECT_VERSION = 1;
				DEVELOPMENT_TEAM = ACTKQYM5BS;
				GENERATE_INFOPLIST_FILE = YES;
				INFOPLIST_FILE = Counter/Info.plist;
				INFOPLIST_KEY_LSApplicationCategoryType = "public.app-category.utilities";
				INFOPLIST_KEY_UIApplicationSupportsIndirectInputEvents = YES;
				INFOPLIST_KEY_UILaunchStoryboardName = LaunchScreen;
				INFOPLIST_KEY_UIMainStoryboardFile = Main;
				INFOPLIST_KEY_UISupportedInterfaceOrientations = UIInterfaceOrientationPortrait;
				IPHONEOS_DEPLOYMENT_TARGET = 15.0;
				LD_RUNPATH_SEARCH_PATHS = (
					"$(inherited)",
					"@executable_path/Frameworks",
				);
				MARKETING_VERSION = 1.0;
				PRODUCT_BUNDLE_IDENTIFIER = test.Counter;
				PRODUCT_NAME = "$(TARGET_NAME)";
				SWIFT_EMIT_LOC_STRINGS = YES;
				SWIFT_VERSION = 5.0;
				TARGETED_DEVICE_FAMILY = "1,2";
			};
			name = Debug;
		};
		5D8BD078299E61D4002C7CD8 /* Release */ = {
			isa = XCBuildConfiguration;
			buildSettings = {
				ASSETCATALOG_COMPILER_APPICON_NAME = AppIcon;
				ASSETCATALOG_COMPILER_GLOBAL_ACCENT_COLOR_NAME = AccentColor;
				CODE_SIGN_STYLE = Automatic;
				CURRENT_PROJECT_VERSION = 1;
				DEVELOPMENT_TEAM = ACTKQYM5BS;
				GENERATE_INFOPLIST_FILE = YES;
				INFOPLIST_FILE = Counter/Info.plist;
				INFOPLIST_KEY_LSApplicationCategoryType = "public.app-category.utilities";
				INFOPLIST_KEY_UIApplicationSupportsIndirectInputEvents = YES;
				INFOPLIST_KEY_UILaunchStoryboardName = LaunchScreen;
				INFOPLIST_KEY_UIMainStoryboardFile = Main;
				INFOPLIST_KEY_UISupportedInterfaceOrientations = UIInterfaceOrientationPortrait;
				IPHONEOS_DEPLOYMENT_TARGET = 15.0;
				LD_RUNPATH_SEARCH_PATHS = (
					"$(inherited)",
					"@executable_path/Frameworks",
				);
				MARKETING_VERSION = 1.0;
				PRODUCT_BUNDLE_IDENTIFIER = test.Counter;
				PRODUCT_NAME = "$(TARGET_NAME)";
				SWIFT_EMIT_LOC_STRINGS = YES;
				SWIFT_VERSION = 5.0;
				TARGETED_DEVICE_FAMILY = "1,2";
			};
			name = Release;
		};
		5D8BD07A299E61D4002C7CD8 /* Debug */ = {
			isa = XCBuildConfiguration;
			buildSettings = {
				ALWAYS_EMBED_SWIFT_STANDARD_LIBRARIES = YES;
				BUNDLE_LOADER = "$(TEST_HOST)";
				CODE_SIGN_STYLE = Automatic;
				CURRENT_PROJECT_VERSION = 1;
				DEVELOPMENT_TEAM = ACTKQYM5BS;
				GENERATE_INFOPLIST_FILE = YES;
				IPHONEOS_DEPLOYMENT_TARGET = 16.2;
				MARKETING_VERSION = 1.0;
				PRODUCT_BUNDLE_IDENTIFIER = test.CounterTests;
				PRODUCT_NAME = "$(TARGET_NAME)";
				SWIFT_EMIT_LOC_STRINGS = NO;
				SWIFT_VERSION = 5.0;
				TARGETED_DEVICE_FAMILY = "1,2";
				TEST_HOST = "$(BUILT_PRODUCTS_DIR)/Counter.app/$(BUNDLE_EXECUTABLE_FOLDER_PATH)/Counter";
			};
			name = Debug;
		};
		5D8BD07B299E61D4002C7CD8 /* Release */ = {
			isa = XCBuildConfiguration;
			buildSettings = {
				ALWAYS_EMBED_SWIFT_STANDARD_LIBRARIES = YES;
				BUNDLE_LOADER = "$(TEST_HOST)";
				CODE_SIGN_STYLE = Automatic;
				CURRENT_PROJECT_VERSION = 1;
				DEVELOPMENT_TEAM = ACTKQYM5BS;
				GENERATE_INFOPLIST_FILE = YES;
				IPHONEOS_DEPLOYMENT_TARGET = 16.2;
				MARKETING_VERSION = 1.0;
				PRODUCT_BUNDLE_IDENTIFIER = test.CounterTests;
				PRODUCT_NAME = "$(TARGET_NAME)";
				SWIFT_EMIT_LOC_STRINGS = NO;
				SWIFT_VERSION = 5.0;
				TARGETED_DEVICE_FAMILY = "1,2";
				TEST_HOST = "$(BUILT_PRODUCTS_DIR)/Counter.app/$(BUNDLE_EXECUTABLE_FOLDER_PATH)/Counter";
			};
			name = Release;
		};
		5D8BD07D299E61D4002C7CD8 /* Debug */ = {
			isa = XCBuildConfiguration;
			buildSettings = {
				ALWAYS_EMBED_SWIFT_STANDARD_LIBRARIES = YES;
				CODE_SIGN_STYLE = Automatic;
				CURRENT_PROJECT_VERSION = 1;
				DEVELOPMENT_TEAM = ACTKQYM5BS;
				GENERATE_INFOPLIST_FILE = YES;
				MARKETING_VERSION = 1.0;
				PRODUCT_BUNDLE_IDENTIFIER = test.CounterUITests;
				PRODUCT_NAME = "$(TARGET_NAME)";
				SWIFT_EMIT_LOC_STRINGS = NO;
				SWIFT_VERSION = 5.0;
				TARGETED_DEVICE_FAMILY = "1,2";
				TEST_TARGET_NAME = Counter;
			};
			name = Debug;
		};
		5D8BD07E299E61D4002C7CD8 /* Release */ = {
			isa = XCBuildConfiguration;
			buildSettings = {
				ALWAYS_EMBED_SWIFT_STANDARD_LIBRARIES = YES;
				CODE_SIGN_STYLE = Automatic;
				CURRENT_PROJECT_VERSION = 1;
				DEVELOPMENT_TEAM = ACTKQYM5BS;
				GENERATE_INFOPLIST_FILE = YES;
				MARKETING_VERSION = 1.0;
				PRODUCT_BUNDLE_IDENTIFIER = test.CounterUITests;
				PRODUCT_NAME = "$(TARGET_NAME)";
				SWIFT_EMIT_LOC_STRINGS = NO;
				SWIFT_VERSION = 5.0;
				TARGETED_DEVICE_FAMILY = "1,2";
				TEST_TARGET_NAME = Counter;
			};
			name = Release;
		};
/* End XCBuildConfiguration section */

/* Begin XCConfigurationList section */
		5D8BD047299E61D3002C7CD8 /* Build configuration list for PBXProject "Counter" */ = {
			isa = XCConfigurationList;
			buildConfigurations = (
				5D8BD074299E61D4002C7CD8 /* Debug */,
				5D8BD075299E61D4002C7CD8 /* Release */,
			);
			defaultConfigurationIsVisible = 0;
			defaultConfigurationName = Release;
		};
		5D8BD076299E61D4002C7CD8 /* Build configuration list for PBXNativeTarget "Counter" */ = {
			isa = XCConfigurationList;
			buildConfigurations = (
				5D8BD077299E61D4002C7CD8 /* Debug */,
				5D8BD078299E61D4002C7CD8 /* Release */,
			);
			defaultConfigurationIsVisible = 0;
			defaultConfigurationName = Release;
		};
		5D8BD079299E61D4002C7CD8 /* Build configuration list for PBXNativeTarget "CounterTests" */ = {
			isa = XCConfigurationList;
			buildConfigurations = (
				5D8BD07A299E61D4002C7CD8 /* Debug */,
				5D8BD07B299E61D4002C7CD8 /* Release */,
			);
			defaultConfigurationIsVisible = 0;
			defaultConfigurationName = Release;
		};
		5D8BD07C299E61D4002C7CD8 /* Build configuration list for PBXNativeTarget "CounterUITests" */ = {
			isa = XCConfigurationList;
			buildConfigurations = (
				5D8BD07D299E61D4002C7CD8 /* Debug */,
				5D8BD07E299E61D4002C7CD8 /* Release */,
			);
			defaultConfigurationIsVisible = 0;
			defaultConfigurationName = Release;
		};
/* End XCConfigurationList section */
	};
	rootObject = 5D8BD044299E61D3002C7CD8 /* Project object */;
}
